github.com/qiniu/x v1.13.10 h1:J4Z3XugYzAq85SlyAfqlKVrbf05glMbAOh+QncsDQpE=
github.com/qiniu/x v1.13.10/go.mod h1:INZ2TSWSJVWO/RuELQROERcslBwVgFG7MkTfEdaQz9E=
golang.org/x/net v0.32.0 h1:ZqPmj8Kzc+Y6e0+skZsuACbx+wzMgo5MQsJh9Qd6aYI=
golang.org/x/net v0.32.0/go.mod h1:CwU0IoeOlnQQWJ6ioyFrfRuomB8GKF6KbYXZVyeXNfs=
