github.com/qiniu/x v1.15.1 h1:avE+YQaowp8ZExjylOeSM73rUo3MQKBAYVxh4NJ8dY8=
github.com/qiniu/x v1.15.1/go.mod h1:AiovSOCaRijaf3fj+0CBOpR1457pn24b0Vdb1JpwhII=
golang.org/x/net v0.49.0 h1:eeHFmOGUTtaaPSGNmjBKpbng9MulQsJURQUAfUwY++o=
golang.org/x/net v0.49.0/go.mod h1:/ysNB2EvaqvesRkuLAyjI1ycPZlQHM3q01F02UY/MV8=
